Microsoft Visual Studio Solution File, Format Version 12.00
# Visual Studio Version 17
VisualStudioVersion = 17.14.0.0
MinimumVisualStudioVersion = 10.0.40219.1
Project("{2150E333-8FDC-42A3-9474-1A3956D46DE8}") = "src", "src", "{7B31493B-9A17-5250-899B-5369F4A0C111}"
EndProject
Project("{2150E333-8FDC-42A3-9474-1A3956D46DE8}") = "tests", "tests", "{3FCCE827-42C2-53C8-BEF6-309234E5351B}"
EndProject
Project("{9A19103F-16F7-4668-BE54-9A1E7A4F7556}") = "WinLevers.App", "src\WinLevers.App\WinLevers.App.csproj", "{181E483A-77BC-5CA8-A14A-BA5B6399C301}"
EndProject
Project("{9A19103F-16F7-4668-BE54-9A1E7A4F7556}") = "WinLevers.Core", "src\WinLevers.Core\WinLevers.Core.csproj", "{02797D39-04FF-56A9-9D10-9EB52DFC066E}"
EndProject
Project("{9A19103F-16F7-4668-BE54-9A1E7A4F7556}") = "WinLevers.Data", "src\WinLevers.Data\WinLevers.Data.csproj", "{A4A8B8FD-22FF-586F-9AB1-638DD87F6802}"
EndProject
Project("{9A19103F-16F7-4668-BE54-9A1E7A4F7556}") = "WinLevers.Presentation", "src\WinLevers.Presentation\WinLevers.Presentation.csproj", "{4FFB8803-123B-5341-BD56-815FC0836F66}"
EndProject
Project("{9A19103F-16F7-4668-BE54-9A1E7A4F7556}") = "WinLevers.Windows", "src\WinLevers.Windows\WinLevers.Windows.csproj", "{D8494738-0761-541A-B928-92B89B46189F}"
EndProject
Project("{9A19103F-16F7-4668-BE54-9A1E7A4F7556}") = "WinLevers.Cli", "src\WinLevers.Cli\WinLevers.Cli.csproj", "{CE40426A-E8EF-595F-BE34-257840808D3C}"
EndProject
Project("{9A19103F-16F7-4668-BE54-9A1E7A4F7556}") = "WinLevers.Core.Tests", "tests\WinLevers.Core.Tests\WinLevers.Core.Tests.csproj", "{35FA2C14-D7EB-580D-A4C0-309B11692E12}"
EndProject
Project("{9A19103F-16F7-4668-BE54-9A1E7A4F7556}") = "WinLevers.Data.Tests", "tests\WinLevers.Data.Tests\WinLevers.Data.Tests.csproj", "{5B7248EE-7748-5E3F-92D0-26B5D784D500}"
EndProject
Project("{9A19103F-16F7-4668-BE54-9A1E7A4F7556}") = "WinLevers.Presentation.Tests", "tests\WinLevers.Presentation.Tests\WinLevers.Presentation.Tests.csproj", "{467835AB-AE8B-579B-BFCA-156244936068}"
EndProject
Global
	GlobalSection(SolutionConfigurationPlatforms) = preSolution
		Debug|x64 = Debug|x64
		Debug|ARM64 = Debug|ARM64
		Release|x64 = Release|x64
		Release|ARM64 = Release|ARM64
	EndGlobalSection
	GlobalSection(ProjectConfigurationPlatforms) = postSolution
		{181E483A-77BC-5CA8-A14A-BA5B6399C301}.Debug|x64.ActiveCfg = Debug|x64
		{181E483A-77BC-5CA8-A14A-BA5B6399C301}.Debug|x64.Build.0 = Debug|x64
		{181E483A-77BC-5CA8-A14A-BA5B6399C301}.Debug|ARM64.ActiveCfg = Debug|ARM64
		{181E483A-77BC-5CA8-A14A-BA5B6399C301}.Debug|ARM64.Build.0 = Debug|ARM64
		{181E483A-77BC-5CA8-A14A-BA5B6399C301}.Release|x64.ActiveCfg = Release|x64
		{181E483A-77BC-5CA8-A14A-BA5B6399C301}.Release|x64.Build.0 = Release|x64
		{181E483A-77BC-5CA8-A14A-BA5B6399C301}.Release|ARM64.ActiveCfg = Release|ARM64
		{181E483A-77BC-5CA8-A14A-BA5B6399C301}.Release|ARM64.Build.0 = Release|ARM64
		{02797D39-04FF-56A9-9D10-9EB52DFC066E}.Debug|x64.ActiveCfg = Debug|Any CPU
		{02797D39-04FF-56A9-9D10-9EB52DFC066E}.Debug|x64.Build.0 = Debug|Any CPU
		{02797D39-04FF-56A9-9D10-9EB52DFC066E}.Debug|ARM64.ActiveCfg = Debug|Any CPU
		{02797D39-04FF-56A9-9D10-9EB52DFC066E}.Debug|ARM64.Build.0 = Debug|Any CPU
		{02797D39-04FF-56A9-9D10-9EB52DFC066E}.Release|x64.ActiveCfg = Release|Any CPU
		{02797D39-04FF-56A9-9D10-9EB52DFC066E}.Release|x64.Build.0 = Release|Any CPU
		{02797D39-04FF-56A9-9D10-9EB52DFC066E}.Release|ARM64.ActiveCfg = Release|Any CPU
		{02797D39-04FF-56A9-9D10-9EB52DFC066E}.Release|ARM64.Build.0 = Release|Any CPU
		{A4A8B8FD-22FF-586F-9AB1-638DD87F6802}.Debug|x64.ActiveCfg = Debug|Any CPU
		{A4A8B8FD-22FF-586F-9AB1-638DD87F6802}.Debug|x64.Build.0 = Debug|Any CPU
		{A4A8B8FD-22FF-586F-9AB1-638DD87F6802}.Debug|ARM64.ActiveCfg = Debug|Any CPU
		{A4A8B8FD-22FF-586F-9AB1-638DD87F6802}.Debug|ARM64.Build.0 = Debug|Any CPU
		{A4A8B8FD-22FF-586F-9AB1-638DD87F6802}.Release|x64.ActiveCfg = Release|Any CPU
		{A4A8B8FD-22FF-586F-9AB1-638DD87F6802}.Release|x64.Build.0 = Release|Any CPU
		{A4A8B8FD-22FF-586F-9AB1-638DD87F6802}.Release|ARM64.ActiveCfg = Release|Any CPU
		{A4A8B8FD-22FF-586F-9AB1-638DD87F6802}.Release|ARM64.Build.0 = Release|Any CPU
		{4FFB8803-123B-5341-BD56-815FC0836F66}.Debug|x64.ActiveCfg = Debug|Any CPU
		{4FFB8803-123B-5341-BD56-815FC0836F66}.Debug|x64.Build.0 = Debug|Any CPU
		{4FFB8803-123B-5341-BD56-815FC0836F66}.Debug|ARM64.ActiveCfg = Debug|Any CPU
		{4FFB8803-123B-5341-BD56-815FC0836F66}.Debug|ARM64.Build.0 = Debug|Any CPU
		{4FFB8803-123B-5341-BD56-815FC0836F66}.Release|x64.ActiveCfg = Release|Any CPU
		{4FFB8803-123B-5341-BD56-815FC0836F66}.Release|x64.Build.0 = Release|Any CPU
		{4FFB8803-123B-5341-BD56-815FC0836F66}.Release|ARM64.ActiveCfg = Release|Any CPU
		{4FFB8803-123B-5341-BD56-815FC0836F66}.Release|ARM64.Build.0 = Release|Any CPU
		{D8494738-0761-541A-B928-92B89B46189F}.Debug|x64.ActiveCfg = Debug|Any CPU
		{D8494738-0761-541A-B928-92B89B46189F}.Debug|x64.Build.0 = Debug|Any CPU
		{D8494738-0761-541A-B928-92B89B46189F}.Debug|ARM64.ActiveCfg = Debug|Any CPU
		{D8494738-0761-541A-B928-92B89B46189F}.Debug|ARM64.Build.0 = Debug|Any CPU
		{D8494738-0761-541A-B928-92B89B46189F}.Release|x64.ActiveCfg = Release|Any CPU
		{D8494738-0761-541A-B928-92B89B46189F}.Release|x64.Build.0 = Release|Any CPU
		{D8494738-0761-541A-B928-92B89B46189F}.Release|ARM64.ActiveCfg = Release|Any CPU
		{D8494738-0761-541A-B928-92B89B46189F}.Release|ARM64.Build.0 = Release|Any CPU
		{CE40426A-E8EF-595F-BE34-257840808D3C}.Debug|x64.ActiveCfg = Debug|Any CPU
		{CE40426A-E8EF-595F-BE34-257840808D3C}.Debug|x64.Build.0 = Debug|Any CPU
		{CE40426A-E8EF-595F-BE34-257840808D3C}.Debug|ARM64.ActiveCfg = Debug|Any CPU
		{CE40426A-E8EF-595F-BE34-257840808D3C}.Debug|ARM64.Build.0 = Debug|Any CPU
		{CE40426A-E8EF-595F-BE34-257840808D3C}.Release|x64.ActiveCfg = Release|Any CPU
		{CE40426A-E8EF-595F-BE34-257840808D3C}.Release|x64.Build.0 = Release|Any CPU
		{CE40426A-E8EF-595F-BE34-257840808D3C}.Release|ARM64.ActiveCfg = Release|Any CPU
		{CE40426A-E8EF-595F-BE34-257840808D3C}.Release|ARM64.Build.0 = Release|Any CPU
		{35FA2C14-D7EB-580D-A4C0-309B11692E12}.Debug|x64.ActiveCfg = Debug|Any CPU
		{35FA2C14-D7EB-580D-A4C0-309B11692E12}.Debug|x64.Build.0 = Debug|Any CPU
		{35FA2C14-D7EB-580D-A4C0-309B11692E12}.Debug|ARM64.ActiveCfg = Debug|Any CPU
		{35FA2C14-D7EB-580D-A4C0-309B11692E12}.Debug|ARM64.Build.0 = Debug|Any CPU
		{35FA2C14-D7EB-580D-A4C0-309B11692E12}.Release|x64.ActiveCfg = Release|Any CPU
		{35FA2C14-D7EB-580D-A4C0-309B11692E12}.Release|x64.Build.0 = Release|Any CPU
		{35FA2C14-D7EB-580D-A4C0-309B11692E12}.Release|ARM64.ActiveCfg = Release|Any CPU
		{35FA2C14-D7EB-580D-A4C0-309B11692E12}.Release|ARM64.Build.0 = Release|Any CPU
		{5B7248EE-7748-5E3F-92D0-26B5D784D500}.Debug|x64.ActiveCfg = Debug|Any CPU
		{5B7248EE-7748-5E3F-92D0-26B5D784D500}.Debug|x64.Build.0 = Debug|Any CPU
		{5B7248EE-7748-5E3F-92D0-26B5D784D500}.Debug|ARM64.ActiveCfg = Debug|Any CPU
		{5B7248EE-7748-5E3F-92D0-26B5D784D500}.Debug|ARM64.Build.0 = Debug|Any CPU
		{5B7248EE-7748-5E3F-92D0-26B5D784D500}.Release|x64.ActiveCfg = Release|Any CPU
		{5B7248EE-7748-5E3F-92D0-26B5D784D500}.Release|x64.Build.0 = Release|Any CPU
		{5B7248EE-7748-5E3F-92D0-26B5D784D500}.Release|ARM64.ActiveCfg = Release|Any CPU
		{5B7248EE-7748-5E3F-92D0-26B5D784D500}.Release|ARM64.Build.0 = Release|Any CPU
		{467835AB-AE8B-579B-BFCA-156244936068}.Debug|x64.ActiveCfg = Debug|Any CPU
		{467835AB-AE8B-579B-BFCA-156244936068}.Debug|x64.Build.0 = Debug|Any CPU
		{467835AB-AE8B-579B-BFCA-156244936068}.Debug|ARM64.ActiveCfg = Debug|Any CPU
		{467835AB-AE8B-579B-BFCA-156244936068}.Debug|ARM64.Build.0 = Debug|Any CPU
		{467835AB-AE8B-579B-BFCA-156244936068}.Release|x64.ActiveCfg = Release|Any CPU
		{467835AB-AE8B-579B-BFCA-156244936068}.Release|x64.Build.0 = Release|Any CPU
		{467835AB-AE8B-579B-BFCA-156244936068}.Release|ARM64.ActiveCfg = Release|Any CPU
		{467835AB-AE8B-579B-BFCA-156244936068}.Release|ARM64.Build.0 = Release|Any CPU
	EndGlobalSection
	GlobalSection(SolutionProperties) = preSolution
		HideSolutionNode = FALSE
	EndGlobalSection
	GlobalSection(NestedProjects) = preSolution
		{181E483A-77BC-5CA8-A14A-BA5B6399C301} = {7B31493B-9A17-5250-899B-5369F4A0C111}
		{02797D39-04FF-56A9-9D10-9EB52DFC066E} = {7B31493B-9A17-5250-899B-5369F4A0C111}
		{A4A8B8FD-22FF-586F-9AB1-638DD87F6802} = {7B31493B-9A17-5250-899B-5369F4A0C111}
		{4FFB8803-123B-5341-BD56-815FC0836F66} = {7B31493B-9A17-5250-899B-5369F4A0C111}
		{D8494738-0761-541A-B928-92B89B46189F} = {7B31493B-9A17-5250-899B-5369F4A0C111}
		{CE40426A-E8EF-595F-BE34-257840808D3C} = {7B31493B-9A17-5250-899B-5369F4A0C111}
		{35FA2C14-D7EB-580D-A4C0-309B11692E12} = {3FCCE827-42C2-53C8-BEF6-309234E5351B}
		{5B7248EE-7748-5E3F-92D0-26B5D784D500} = {3FCCE827-42C2-53C8-BEF6-309234E5351B}
		{467835AB-AE8B-579B-BFCA-156244936068} = {3FCCE827-42C2-53C8-BEF6-309234E5351B}
	EndGlobalSection
	GlobalSection(ExtensibilityGlobals) = postSolution
		SolutionGuid = {B602E63A-5519-559E-BADB-43DA15CE6B5F}
	EndGlobalSection
EndGlobal
